
Microsoft Visual Studio Solution File, Format Version 12.00
# Visual Studio 2013
VisualStudioVersion = 12.0.21005.1
MinimumVisualStudioVersion = 10.0.40219.1
Project("{FAE04EC0-301F-11D3-BF4B-00C04F79EFBC}") = "Student", "Student\Student.csproj", "{148A8EF7-5372-4B65-84DD-9A2A35CFAAFD}"
EndProject
Project("{FAE04EC0-301F-11D3-BF4B-00C04F79EFBC}") = "Person", "Person\Person.csproj", "{A341EC99-D218-41E0-AB16-8A007D09DE5E}"
EndProject
Global
	GlobalSection(SolutionConfigurationPlatforms) = preSolution
		Debug|Any CPU = Debug|Any CPU
		Release|Any CPU = Release|Any CPU
	EndGlobalSection
	GlobalSection(ProjectConfigurationPlatforms) = postSolution
		{148A8EF7-5372-4B65-84DD-9A2A35CFAAFD}.Debug|Any CPU.ActiveCfg = Debug|Any CPU
		{148A8EF7-5372-4B65-84DD-9A2A35CFAAFD}.Debug|Any CPU.Build.0 = Debug|Any CPU
		{148A8EF7-5372-4B65-84DD-9A2A35CFAAFD}.Release|Any CPU.ActiveCfg = Release|Any CPU
		{148A8EF7-5372-4B65-84DD-9A2A35CFAAFD}.Release|Any CPU.Build.0 = Release|Any CPU
		{A341EC99-D218-41E0-AB16-8A007D09DE5E}.Debug|Any CPU.ActiveCfg = Debug|Any CPU
		{A341EC99-D218-41E0-AB16-8A007D09DE5E}.Debug|Any CPU.Build.0 = Debug|Any CPU
		{A341EC99-D218-41E0-AB16-8A007D09DE5E}.Release|Any CPU.ActiveCfg = Release|Any CPU
		{A341EC99-D218-41E0-AB16-8A007D09DE5E}.Release|Any CPU.Build.0 = Release|Any CPU
	EndGlobalSection
	GlobalSection(SolutionProperties) = preSolution
		HideSolutionNode = FALSE
	EndGlobalSection
EndGlobal
